# THIS IS AN AUTOGENERATED FILE. DO NOT EDIT THIS FILE DIRECTLY.
# yarn lockfile v1


lucide-react@^0.524.0:
  version "0.524.0"
  resolved "https://registry.yarnpkg.com/lucide-react/-/lucide-react-0.524.0.tgz#a990eb4ea8657fc400b055482a55ab36861d63ab"
  integrity sha512-pdMjFjhuTYnWfreIdIe9TLJHpzapUsv8ISEXsIhFs5UEXTtj8Wdz76BQhSnbKMJAXHdEVMAfqwOehmr8295hPw==
